
Microsoft Visual Studio Solution File, Format Version 12.00
# Visual Studio Version 17
VisualStudioVersion = 17.14.36518.9 d17.14
MinimumVisualStudioVersion = 10.0.40219.1
Project("{FAE04EC0-301F-11D3-BF4B-00C04F79EFBC}") = "Hospital.Common", "Hospital.Common\Hospital.Common.csproj", "{83D7A695-ED34-421F-9954-F3EF6DEA77DE}"
EndProject
Project("{FAE04EC0-301F-11D3-BF4B-00C04F79EFBC}") = "Hospital.Console", "Hospital.Console\Hospital.Console.csproj", "{63B0BC1B-9261-486A-8022-E3461B25762D}"
EndProject
Global
	GlobalSection(SolutionConfigurationPlatforms) = preSolution
		Debug|Any CPU = Debug|Any CPU
		Release|Any CPU = Release|Any CPU
	EndGlobalSection
	GlobalSection(ProjectConfigurationPlatforms) = postSolution
		{83D7A695-ED34-421F-9954-F3EF6DEA77DE}.Debug|Any CPU.ActiveCfg = Debug|Any CPU
		{83D7A695-ED34-421F-9954-F3EF6DEA77DE}.Debug|Any CPU.Build.0 = Debug|Any CPU
		{83D7A695-ED34-421F-9954-F3EF6DEA77DE}.Release|Any CPU.ActiveCfg = Release|Any CPU
		{83D7A695-ED34-421F-9954-F3EF6DEA77DE}.Release|Any CPU.Build.0 = Release|Any CPU
		{63B0BC1B-9261-486A-8022-E3461B25762D}.Debug|Any CPU.ActiveCfg = Debug|Any CPU
		{63B0BC1B-9261-486A-8022-E3461B25762D}.Debug|Any CPU.Build.0 = Debug|Any CPU
		{63B0BC1B-9261-486A-8022-E3461B25762D}.Release|Any CPU.ActiveCfg = Release|Any CPU
		{63B0BC1B-9261-486A-8022-E3461B25762D}.Release|Any CPU.Build.0 = Release|Any CPU
	EndGlobalSection
	GlobalSection(SolutionProperties) = preSolution
		HideSolutionNode = FALSE
	EndGlobalSection
	GlobalSection(ExtensibilityGlobals) = postSolution
		SolutionGuid = {AA3EF82F-CC17-48EE-B0B9-055C834B6F5C}
	EndGlobalSection
EndGlobal
